
Microsoft Visual Studio Solution File, Format Version 12.00
# Visual Studio 15
VisualStudioVersion = 15.0.27004.2009
MinimumVisualStudioVersion = 10.0.40219.1
Project("{F2A71F9B-5D33-465A-A702-920D77279786}") = "FSharp_Console", "FSharp_Console\FSharp_Console.fsproj", "{8F6062C5-A3EA-4F60-A7BE-C068E9D41E36}"
EndProject
Global
	GlobalSection(SolutionConfigurationPlatforms) = preSolution
		Debug|Any CPU = Debug|Any CPU
		Release|Any CPU = Release|Any CPU
	EndGlobalSection
	GlobalSection(ProjectConfigurationPlatforms) = postSolution
		{8F6062C5-A3EA-4F60-A7BE-C068E9D41E36}.Debug|Any CPU.ActiveCfg = Debug|Any CPU
		{8F6062C5-A3EA-4F60-A7BE-C068E9D41E36}.Debug|Any CPU.Build.0 = Debug|Any CPU
		{8F6062C5-A3EA-4F60-A7BE-C068E9D41E36}.Release|Any CPU.ActiveCfg = Release|Any CPU
		{8F6062C5-A3EA-4F60-A7BE-C068E9D41E36}.Release|Any CPU.Build.0 = Release|Any CPU
	EndGlobalSection
	GlobalSection(SolutionProperties) = preSolution
		HideSolutionNode = FALSE
	EndGlobalSection
	GlobalSection(ExtensibilityGlobals) = postSolution
		SolutionGuid = {B7AEA476-9567-4E09-99D1-8CB1B99A1948}
	EndGlobalSection
EndGlobal
